
Microsoft Visual Studio Solution File, Format Version 12.00
# Visual Studio Version 17
VisualStudioVersion = 17.6.33815.320
MinimumVisualStudioVersion = 10.0.40219.1
Project("{FAE04EC0-301F-11D3-BF4B-00C04F79EFBC}") = "ders3", "ders3.csproj", "{8C9B852C-1D28-412C-B01F-83D43F2A8096}"
EndProject
Global
	GlobalSection(SolutionConfigurationPlatforms) = preSolution
		Debug|Any CPU = Debug|Any CPU
		Release|Any CPU = Release|Any CPU
	EndGlobalSection
	GlobalSection(ProjectConfigurationPlatforms) = postSolution
		{8C9B852C-1D28-412C-B01F-83D43F2A8096}.Debug|Any CPU.ActiveCfg = Debug|Any CPU
		{8C9B852C-1D28-412C-B01F-83D43F2A8096}.Debug|Any CPU.Build.0 = Debug|Any CPU
		{8C9B852C-1D28-412C-B01F-83D43F2A8096}.Release|Any CPU.ActiveCfg = Release|Any CPU
		{8C9B852C-1D28-412C-B01F-83D43F2A8096}.Release|Any CPU.Build.0 = Release|Any CPU
	EndGlobalSection
	GlobalSection(SolutionProperties) = preSolution
		HideSolutionNode = FALSE
	EndGlobalSection
	GlobalSection(ExtensibilityGlobals) = postSolution
		SolutionGuid = {0FD63A88-B4ED-4FF0-AA71-83E7E00DD4C1}
	EndGlobalSection
EndGlobal
